
Microsoft Visual Studio Solution File, Format Version 12.00
# Visual Studio Version 17
VisualStudioVersion = 17.11.35327.3
MinimumVisualStudioVersion = 10.0.40219.1
Project("{8BC9CEB8-8B4A-11D0-8D11-00A0C91BC942}") = "KMeans", "KMeans\KMeans.vcxproj", "{C4FED179-7B25-4D3A-BD04-717AD7C23BC8}"
EndProject
Global
	GlobalSection(SolutionConfigurationPlatforms) = preSolution
		Debug|x64 = Debug|x64
		Release|x64 = Release|x64
	EndGlobalSection
	GlobalSection(ProjectConfigurationPlatforms) = postSolution
		{C4FED179-7B25-4D3A-BD04-717AD7C23BC8}.Debug|x64.ActiveCfg = Debug|x64
		{C4FED179-7B25-4D3A-BD04-717AD7C23BC8}.Debug|x64.Build.0 = Debug|x64
		{C4FED179-7B25-4D3A-BD04-717AD7C23BC8}.Release|x64.ActiveCfg = Release|x64
		{C4FED179-7B25-4D3A-BD04-717AD7C23BC8}.Release|x64.Build.0 = Release|x64
	EndGlobalSection
	GlobalSection(SolutionProperties) = preSolution
		HideSolutionNode = FALSE
	EndGlobalSection
	GlobalSection(ExtensibilityGlobals) = postSolution
		SolutionGuid = {924F2413-010F-435F-8E8E-E283ED4B3C1B}
	EndGlobalSection
EndGlobal
